{
  "version": 4,
  "terraform_version": "1.9.7",
  "serial": 60,
  "lineage": "128d7ba3-4756-2463-05f7-7b1c7e909a57",
  "outputs": {
    "gateway_frontend_ip": {
      "value": "http://13.92.115.234",
      "type": "string"
    },
    "id": {
      "value": "/subscriptions/1e8fce59-3cbe-40e7-a5ff-d97980f491e3/resourceGroups/scope-DEV-ResourceGroup-v9",
      "type": "string"
    }
  },
  "resources": [
    {
      "mode": "data",
      "type": "azurerm_resource_group",
      "name": "main",
      "provider": "provider[\"registry.terraform.io/hashicorp/azurerm\"]",
      "instances": [
        {
          "schema_version": 0,
          "attributes": {
            "id": "/subscriptions/1e8fce59-3cbe-40e7-a5ff-d97980f491e3/resourceGroups/scope-DEV-ResourceGroup-v9",
            "location": "eastus",
            "managed_by": "",
            "name": "scope-DEV-ResourceGroup-v9",
            "tags": {},
            "timeouts": null
          },
          "sensitive_attributes": []
        }
      ]
    },
    {
      "mode": "managed",
      "type": "azurerm_application_gateway",
      "name": "main",
      "provider": "provider[\"registry.terraform.io/hashicorp/azurerm\"]",
      "instances": [
        {
          "schema_version": 0,
          "attributes": {
            "authentication_certificate": [],
            "autoscale_configuration": [],
            "backend_address_pool": [
              {
                "fqdns": [],
                "id": "/subscriptions/1e8fce59-3cbe-40e7-a5ff-d97980f491e3/resourceGroups/scope-DEV-ResourceGroup-v9/providers/Microsoft.Network/applicationGateways/scope-DEV-AppGateway/backendAddressPools/scope-BackendPool",
                "ip_addresses": [],
                "name": "scope-BackendPool"
              }
            ],
            "backend_http_settings": [
              {
                "affinity_cookie_name": "",
                "authentication_certificate": [],
                "connection_draining": [],
                "cookie_based_affinity": "Disabled",
                "host_name": "",
                "id": "/subscriptions/1e8fce59-3cbe-40e7-a5ff-d97980f491e3/resourceGroups/scope-DEV-ResourceGroup-v9/providers/Microsoft.Network/applicationGateways/scope-DEV-AppGateway/backendHttpSettingsCollection/scope-HTTPsetting",
                "name": "scope-HTTPsetting",
                "path": "",
                "pick_host_name_from_backend_address": false,
                "port": 80,
                "probe_id": "",
                "probe_name": "",
                "protocol": "Http",
                "request_timeout": 60,
                "trusted_root_certificate_names": []
              }
            ],
            "custom_error_configuration": [],
            "enable_http2": false,
            "fips_enabled": false,
            "firewall_policy_id": "",
            "force_firewall_policy_association": false,
            "frontend_ip_configuration": [
              {
                "id": "/subscriptions/1e8fce59-3cbe-40e7-a5ff-d97980f491e3/resourceGroups/scope-DEV-ResourceGroup-v9/providers/Microsoft.Network/applicationGateways/scope-DEV-AppGateway/frontendIPConfigurations/scope-AGIPConfig",
                "name": "scope-AGIPConfig",
                "private_ip_address": "",
                "private_ip_address_allocation": "Dynamic",
                "private_link_configuration_id": "",
                "private_link_configuration_name": "",
                "public_ip_address_id": "/subscriptions/1e8fce59-3cbe-40e7-a5ff-d97980f491e3/resourceGroups/scope-DEV-ResourceGroup-v9/providers/Microsoft.Network/publicIPAddresses/scope-DEV-AGPublicIPAddress",
                "subnet_id": ""
              }
            ],
            "frontend_port": [
              {
                "id": "/subscriptions/1e8fce59-3cbe-40e7-a5ff-d97980f491e3/resourceGroups/scope-DEV-ResourceGroup-v9/providers/Microsoft.Network/applicationGateways/scope-DEV-AppGateway/frontendPorts/scope-FrontendPort",
                "name": "scope-FrontendPort",
                "port": 80
              }
            ],
            "gateway_ip_configuration": [
              {
                "id": "/subscriptions/1e8fce59-3cbe-40e7-a5ff-d97980f491e3/resourceGroups/scope-DEV-ResourceGroup-v9/providers/Microsoft.Network/applicationGateways/scope-DEV-AppGateway/gatewayIPConfigurations/scope-DEV-gateway-ip-configuration",
                "name": "scope-DEV-gateway-ip-configuration",
                "subnet_id": "/subscriptions/1e8fce59-3cbe-40e7-a5ff-d97980f491e3/resourceGroups/scope-DEV-ResourceGroup-v9/providers/Microsoft.Network/virtualNetworks/scope-DEV-VNet/subnets/scope-DEV-AGSubnet"
              }
            ],
            "global": [],
            "http_listener": [
              {
                "custom_error_configuration": [],
                "firewall_policy_id": "",
                "frontend_ip_configuration_id": "/subscriptions/1e8fce59-3cbe-40e7-a5ff-d97980f491e3/resourceGroups/scope-DEV-ResourceGroup-v9/providers/Microsoft.Network/applicationGateways/scope-DEV-AppGateway/frontendIPConfigurations/scope-AGIPConfig",
                "frontend_ip_configuration_name": "scope-AGIPConfig",
                "frontend_port_id": "/subscriptions/1e8fce59-3cbe-40e7-a5ff-d97980f491e3/resourceGroups/scope-DEV-ResourceGroup-v9/providers/Microsoft.Network/applicationGateways/scope-DEV-AppGateway/frontendPorts/scope-FrontendPort",
                "frontend_port_name": "scope-FrontendPort",
                "host_name": "",
                "host_names": [],
                "id": "/subscriptions/1e8fce59-3cbe-40e7-a5ff-d97980f491e3/resourceGroups/scope-DEV-ResourceGroup-v9/providers/Microsoft.Network/applicationGateways/scope-DEV-AppGateway/httpListeners/scope-Listener",
                "name": "scope-Listener",
                "protocol": "Http",
                "require_sni": false,
                "ssl_certificate_id": "",
                "ssl_certificate_name": "",
                "ssl_profile_id": "",
                "ssl_profile_name": ""
              }
            ],
            "id": "/subscriptions/1e8fce59-3cbe-40e7-a5ff-d97980f491e3/resourceGroups/scope-DEV-ResourceGroup-v9/providers/Microsoft.Network/applicationGateways/scope-DEV-AppGateway",
            "identity": [],
            "location": "eastus",
            "name": "scope-DEV-AppGateway",
            "private_endpoint_connection": [],
            "private_link_configuration": [],
            "probe": [],
            "redirect_configuration": [],
            "request_routing_rule": [
              {
                "backend_address_pool_id": "/subscriptions/1e8fce59-3cbe-40e7-a5ff-d97980f491e3/resourceGroups/scope-DEV-ResourceGroup-v9/providers/Microsoft.Network/applicationGateways/scope-DEV-AppGateway/backendAddressPools/scope-BackendPool",
                "backend_address_pool_name": "scope-BackendPool",
                "backend_http_settings_id": "/subscriptions/1e8fce59-3cbe-40e7-a5ff-d97980f491e3/resourceGroups/scope-DEV-ResourceGroup-v9/providers/Microsoft.Network/applicationGateways/scope-DEV-AppGateway/backendHttpSettingsCollection/scope-HTTPsetting",
                "backend_http_settings_name": "scope-HTTPsetting",
                "http_listener_id": "/subscriptions/1e8fce59-3cbe-40e7-a5ff-d97980f491e3/resourceGroups/scope-DEV-ResourceGroup-v9/providers/Microsoft.Network/applicationGateways/scope-DEV-AppGateway/httpListeners/scope-Listener",
                "http_listener_name": "scope-Listener",
                "id": "/subscriptions/1e8fce59-3cbe-40e7-a5ff-d97980f491e3/resourceGroups/scope-DEV-ResourceGroup-v9/providers/Microsoft.Network/applicationGateways/scope-DEV-AppGateway/requestRoutingRules/scope-RoutingRule",
                "name": "scope-RoutingRule",
                "priority": 1,
                "redirect_configuration_id": "",
                "redirect_configuration_name": "",
                "rewrite_rule_set_id": "",
                "rewrite_rule_set_name": "",
                "rule_type": "Basic",
                "url_path_map_id": "",
                "url_path_map_name": ""
              }
            ],
            "resource_group_name": "scope-DEV-ResourceGroup-v9",
            "rewrite_rule_set": [],
            "sku": [
              {
                "capacity": 2,
                "name": "Standard_v2",
                "tier": "Standard_v2"
              }
            ],
            "ssl_certificate": [],
            "ssl_policy": [
              {
                "cipher_suites": [],
                "disabled_protocols": [],
                "min_protocol_version": "",
                "policy_name": "AppGwSslPolicy20220101",
                "policy_type": "Predefined"
              }
            ],
            "ssl_profile": [],
            "tags": null,
            "timeouts": null,
            "trusted_client_certificate": [],
            "trusted_root_certificate": [],
            "url_path_map": [],
            "waf_configuration": [],
            "zones": null
          },
          "sensitive_attributes": [],
          "private": "eyJlMmJmYjczMC1lY2FhLTExZTYtOGY4OC0zNDM2M2JjN2M0YzAiOnsiY3JlYXRlIjo1NDAwMDAwMDAwMDAwLCJkZWxldGUiOjU0MDAwMDAwMDAwMDAsInJlYWQiOjMwMDAwMDAwMDAwMCwidXBkYXRlIjo1NDAwMDAwMDAwMDAwfX0=",
          "dependencies": [
            "azurerm_public_ip.pip",
            "azurerm_subnet.frontend",
            "azurerm_virtual_network.vnet",
            "data.azurerm_resource_group.main"
          ]
        }
      ]
    },
    {
      "mode": "managed",
      "type": "azurerm_network_interface",
      "name": "nic",
      "provider": "provider[\"registry.terraform.io/hashicorp/azurerm\"]",
      "instances": [
        {
          "index_key": 0,
          "schema_version": 0,
          "attributes": {
            "accelerated_networking_enabled": false,
            "applied_dns_servers": [],
            "auxiliary_mode": "",
            "auxiliary_sku": "",
            "dns_servers": null,
            "edge_zone": "",
            "id": "/subscriptions/1e8fce59-3cbe-40e7-a5ff-d97980f491e3/resourceGroups/scope-DEV-ResourceGroup-v9/providers/Microsoft.Network/networkInterfaces/nic-1",
            "internal_dns_name_label": "",
            "internal_domain_name_suffix": "5ctgh2fpt14e3fqm3jmuioofcd.bx.internal.cloudapp.net",
            "ip_configuration": [
              {
                "gateway_load_balancer_frontend_ip_configuration_id": "",
                "name": "nic-ipconfig-1",
                "primary": true,
                "private_ip_address": "10.21.1.5",
                "private_ip_address_allocation": "Dynamic",
                "private_ip_address_version": "IPv4",
                "public_ip_address_id": "",
                "subnet_id": "/subscriptions/1e8fce59-3cbe-40e7-a5ff-d97980f491e3/resourceGroups/scope-DEV-ResourceGroup-v9/providers/Microsoft.Network/virtualNetworks/scope-DEV-VNet/subnets/scope-DEV-BackendSubnet"
              }
            ],
            "ip_forwarding_enabled": false,
            "location": "eastus",
            "mac_address": "",
            "name": "nic-1",
            "private_ip_address": "10.21.1.5",
            "private_ip_addresses": [
              "10.21.1.5"
            ],
            "resource_group_name": "scope-DEV-ResourceGroup-v9",
            "tags": null,
            "timeouts": null,
            "virtual_machine_id": ""
          },
          "sensitive_attributes": [],
          "private": "eyJlMmJmYjczMC1lY2FhLTExZTYtOGY4OC0zNDM2M2JjN2M0YzAiOnsiY3JlYXRlIjoxODAwMDAwMDAwMDAwLCJkZWxldGUiOjE4MDAwMDAwMDAwMDAsInJlYWQiOjMwMDAwMDAwMDAwMCwidXBkYXRlIjoxODAwMDAwMDAwMDAwfX0=",
          "dependencies": [
            "azurerm_subnet.backend",
            "azurerm_virtual_network.vnet",
            "data.azurerm_resource_group.main"
          ]
        },
        {
          "index_key": 1,
          "schema_version": 0,
          "attributes": {
            "accelerated_networking_enabled": false,
            "applied_dns_servers": [],
            "auxiliary_mode": "",
            "auxiliary_sku": "",
            "dns_servers": null,
            "edge_zone": "",
            "id": "/subscriptions/1e8fce59-3cbe-40e7-a5ff-d97980f491e3/resourceGroups/scope-DEV-ResourceGroup-v9/providers/Microsoft.Network/networkInterfaces/nic-2",
            "internal_dns_name_label": "",
            "internal_domain_name_suffix": "5ctgh2fpt14e3fqm3jmuioofcd.bx.internal.cloudapp.net",
            "ip_configuration": [
              {
                "gateway_load_balancer_frontend_ip_configuration_id": "",
                "name": "nic-ipconfig-2",
                "primary": true,
                "private_ip_address": "10.21.1.4",
                "private_ip_address_allocation": "Dynamic",
                "private_ip_address_version": "IPv4",
                "public_ip_address_id": "",
                "subnet_id": "/subscriptions/1e8fce59-3cbe-40e7-a5ff-d97980f491e3/resourceGroups/scope-DEV-ResourceGroup-v9/providers/Microsoft.Network/virtualNetworks/scope-DEV-VNet/subnets/scope-DEV-BackendSubnet"
              }
            ],
            "ip_forwarding_enabled": false,
            "location": "eastus",
            "mac_address": "",
            "name": "nic-2",
            "private_ip_address": "10.21.1.4",
            "private_ip_addresses": [
              "10.21.1.4"
            ],
            "resource_group_name": "scope-DEV-ResourceGroup-v9",
            "tags": null,
            "timeouts": null,
            "virtual_machine_id": ""
          },
          "sensitive_attributes": [],
          "private": "eyJlMmJmYjczMC1lY2FhLTExZTYtOGY4OC0zNDM2M2JjN2M0YzAiOnsiY3JlYXRlIjoxODAwMDAwMDAwMDAwLCJkZWxldGUiOjE4MDAwMDAwMDAwMDAsInJlYWQiOjMwMDAwMDAwMDAwMCwidXBkYXRlIjoxODAwMDAwMDAwMDAwfX0=",
          "dependencies": [
            "azurerm_subnet.backend",
            "azurerm_virtual_network.vnet",
            "data.azurerm_resource_group.main"
          ]
        }
      ]
    },
    {
      "mode": "managed",
      "type": "azurerm_network_interface_application_gateway_backend_address_pool_association",
      "name": "nic-assoc",
      "provider": "provider[\"registry.terraform.io/hashicorp/azurerm\"]",
      "instances": [
        {
          "index_key": 0,
          "schema_version": 0,
          "attributes": {
            "backend_address_pool_id": "/subscriptions/1e8fce59-3cbe-40e7-a5ff-d97980f491e3/resourceGroups/scope-DEV-ResourceGroup-v9/providers/Microsoft.Network/applicationGateways/scope-DEV-AppGateway/backendAddressPools/scope-BackendPool",
            "id": "/subscriptions/1e8fce59-3cbe-40e7-a5ff-d97980f491e3/resourceGroups/scope-DEV-ResourceGroup-v9/providers/Microsoft.Network/networkInterfaces/nic-1/ipConfigurations/nic-ipconfig-1|/subscriptions/1e8fce59-3cbe-40e7-a5ff-d97980f491e3/resourceGroups/scope-DEV-ResourceGroup-v9/providers/Microsoft.Network/applicationGateways/scope-DEV-AppGateway/backendAddressPools/scope-BackendPool",
            "ip_configuration_name": "nic-ipconfig-1",
            "network_interface_id": "/subscriptions/1e8fce59-3cbe-40e7-a5ff-d97980f491e3/resourceGroups/scope-DEV-ResourceGroup-v9/providers/Microsoft.Network/networkInterfaces/nic-1",
            "timeouts": null
          },
          "sensitive_attributes": [],
          "private": "eyJlMmJmYjczMC1lY2FhLTExZTYtOGY4OC0zNDM2M2JjN2M0YzAiOnsiY3JlYXRlIjoxODAwMDAwMDAwMDAwLCJkZWxldGUiOjE4MDAwMDAwMDAwMDAsInJlYWQiOjMwMDAwMDAwMDAwMH19",
          "dependencies": [
            "azurerm_application_gateway.main",
            "azurerm_network_interface.nic",
            "azurerm_public_ip.pip",
            "azurerm_subnet.backend",
            "azurerm_subnet.frontend",
            "azurerm_virtual_network.vnet",
            "data.azurerm_resource_group.main"
          ]
        },
        {
          "index_key": 1,
          "schema_version": 0,
          "attributes": {
            "backend_address_pool_id": "/subscriptions/1e8fce59-3cbe-40e7-a5ff-d97980f491e3/resourceGroups/scope-DEV-ResourceGroup-v9/providers/Microsoft.Network/applicationGateways/scope-DEV-AppGateway/backendAddressPools/scope-BackendPool",
            "id": "/subscriptions/1e8fce59-3cbe-40e7-a5ff-d97980f491e3/resourceGroups/scope-DEV-ResourceGroup-v9/providers/Microsoft.Network/networkInterfaces/nic-2/ipConfigurations/nic-ipconfig-2|/subscriptions/1e8fce59-3cbe-40e7-a5ff-d97980f491e3/resourceGroups/scope-DEV-ResourceGroup-v9/providers/Microsoft.Network/applicationGateways/scope-DEV-AppGateway/backendAddressPools/scope-BackendPool",
            "ip_configuration_name": "nic-ipconfig-2",
            "network_interface_id": "/subscriptions/1e8fce59-3cbe-40e7-a5ff-d97980f491e3/resourceGroups/scope-DEV-ResourceGroup-v9/providers/Microsoft.Network/networkInterfaces/nic-2",
            "timeouts": null
          },
          "sensitive_attributes": [],
          "private": "eyJlMmJmYjczMC1lY2FhLTExZTYtOGY4OC0zNDM2M2JjN2M0YzAiOnsiY3JlYXRlIjoxODAwMDAwMDAwMDAwLCJkZWxldGUiOjE4MDAwMDAwMDAwMDAsInJlYWQiOjMwMDAwMDAwMDAwMH19",
          "dependencies": [
            "azurerm_application_gateway.main",
            "azurerm_network_interface.nic",
            "azurerm_public_ip.pip",
            "azurerm_subnet.backend",
            "azurerm_subnet.frontend",
            "azurerm_virtual_network.vnet",
            "data.azurerm_resource_group.main"
          ]
        }
      ]
    },
    {
      "mode": "managed",
      "type": "azurerm_public_ip",
      "name": "pip",
      "provider": "provider[\"registry.terraform.io/hashicorp/azurerm\"]",
      "instances": [
        {
          "schema_version": 0,
          "attributes": {
            "allocation_method": "Static",
            "ddos_protection_mode": "VirtualNetworkInherited",
            "ddos_protection_plan_id": null,
            "domain_name_label": null,
            "edge_zone": "",
            "fqdn": null,
            "id": "/subscriptions/1e8fce59-3cbe-40e7-a5ff-d97980f491e3/resourceGroups/scope-DEV-ResourceGroup-v9/providers/Microsoft.Network/publicIPAddresses/scope-DEV-AGPublicIPAddress",
            "idle_timeout_in_minutes": 4,
            "ip_address": "13.92.115.234",
            "ip_tags": null,
            "ip_version": "IPv4",
            "location": "eastus",
            "name": "scope-DEV-AGPublicIPAddress",
            "public_ip_prefix_id": null,
            "resource_group_name": "scope-DEV-ResourceGroup-v9",
            "reverse_fqdn": null,
            "sku": "Standard",
            "sku_tier": "Regional",
            "tags": null,
            "timeouts": null,
            "zones": null
          },
          "sensitive_attributes": [],
          "private": "eyJlMmJmYjczMC1lY2FhLTExZTYtOGY4OC0zNDM2M2JjN2M0YzAiOnsiY3JlYXRlIjoxODAwMDAwMDAwMDAwLCJkZWxldGUiOjE4MDAwMDAwMDAwMDAsInJlYWQiOjMwMDAwMDAwMDAwMCwidXBkYXRlIjoxODAwMDAwMDAwMDAwfX0=",
          "dependencies": [
            "data.azurerm_resource_group.main"
          ]
        }
      ]
    },
    {
      "mode": "managed",
      "type": "azurerm_subnet",
      "name": "backend",
      "provider": "provider[\"registry.terraform.io/hashicorp/azurerm\"]",
      "instances": [
        {
          "schema_version": 0,
          "attributes": {
            "address_prefixes": [
              "10.21.1.0/24"
            ],
            "default_outbound_access_enabled": true,
            "delegation": [],
            "id": "/subscriptions/1e8fce59-3cbe-40e7-a5ff-d97980f491e3/resourceGroups/scope-DEV-ResourceGroup-v9/providers/Microsoft.Network/virtualNetworks/scope-DEV-VNet/subnets/scope-DEV-BackendSubnet",
            "name": "scope-DEV-BackendSubnet",
            "private_endpoint_network_policies": "Disabled",
            "private_link_service_network_policies_enabled": true,
            "resource_group_name": "scope-DEV-ResourceGroup-v9",
            "service_endpoint_policy_ids": null,
            "service_endpoints": null,
            "timeouts": null,
            "virtual_network_name": "scope-DEV-VNet"
          },
          "sensitive_attributes": [],
          "private": "eyJlMmJmYjczMC1lY2FhLTExZTYtOGY4OC0zNDM2M2JjN2M0YzAiOnsiY3JlYXRlIjoxODAwMDAwMDAwMDAwLCJkZWxldGUiOjE4MDAwMDAwMDAwMDAsInJlYWQiOjMwMDAwMDAwMDAwMCwidXBkYXRlIjoxODAwMDAwMDAwMDAwfX0=",
          "dependencies": [
            "azurerm_virtual_network.vnet",
            "data.azurerm_resource_group.main"
          ]
        }
      ]
    },
    {
      "mode": "managed",
      "type": "azurerm_subnet",
      "name": "frontend",
      "provider": "provider[\"registry.terraform.io/hashicorp/azurerm\"]",
      "instances": [
        {
          "schema_version": 0,
          "attributes": {
            "address_prefixes": [
              "10.21.0.0/24"
            ],
            "default_outbound_access_enabled": true,
            "delegation": [],
            "id": "/subscriptions/1e8fce59-3cbe-40e7-a5ff-d97980f491e3/resourceGroups/scope-DEV-ResourceGroup-v9/providers/Microsoft.Network/virtualNetworks/scope-DEV-VNet/subnets/scope-DEV-AGSubnet",
            "name": "scope-DEV-AGSubnet",
            "private_endpoint_network_policies": "Disabled",
            "private_link_service_network_policies_enabled": true,
            "resource_group_name": "scope-DEV-ResourceGroup-v9",
            "service_endpoint_policy_ids": null,
            "service_endpoints": null,
            "timeouts": null,
            "virtual_network_name": "scope-DEV-VNet"
          },
          "sensitive_attributes": [],
          "private": "eyJlMmJmYjczMC1lY2FhLTExZTYtOGY4OC0zNDM2M2JjN2M0YzAiOnsiY3JlYXRlIjoxODAwMDAwMDAwMDAwLCJkZWxldGUiOjE4MDAwMDAwMDAwMDAsInJlYWQiOjMwMDAwMDAwMDAwMCwidXBkYXRlIjoxODAwMDAwMDAwMDAwfX0=",
          "dependencies": [
            "azurerm_virtual_network.vnet",
            "data.azurerm_resource_group.main"
          ]
        }
      ]
    },
    {
      "mode": "managed",
      "type": "azurerm_virtual_network",
      "name": "vnet",
      "provider": "provider[\"registry.terraform.io/hashicorp/azurerm\"]",
      "instances": [
        {
          "schema_version": 0,
          "attributes": {
            "address_space": [
              "10.21.0.0/16"
            ],
            "bgp_community": "",
            "ddos_protection_plan": [],
            "dns_servers": [],
            "edge_zone": "",
            "encryption": [],
            "flow_timeout_in_minutes": 0,
            "guid": "f063a6f8-9eaf-4efc-960c-ea594439c513",
            "id": "/subscriptions/1e8fce59-3cbe-40e7-a5ff-d97980f491e3/resourceGroups/scope-DEV-ResourceGroup-v9/providers/Microsoft.Network/virtualNetworks/scope-DEV-VNet",
            "location": "eastus",
            "name": "scope-DEV-VNet",
            "resource_group_name": "scope-DEV-ResourceGroup-v9",
            "subnet": [],
            "tags": null,
            "timeouts": null
          },
          "sensitive_attributes": [],
          "private": "eyJlMmJmYjczMC1lY2FhLTExZTYtOGY4OC0zNDM2M2JjN2M0YzAiOnsiY3JlYXRlIjoxODAwMDAwMDAwMDAwLCJkZWxldGUiOjE4MDAwMDAwMDAwMDAsInJlYWQiOjMwMDAwMDAwMDAwMCwidXBkYXRlIjoxODAwMDAwMDAwMDAwfX0=",
          "dependencies": [
            "data.azurerm_resource_group.main"
          ]
        }
      ]
    },
    {
      "mode": "managed",
      "type": "random_string",
      "name": "rg",
      "provider": "provider[\"registry.terraform.io/hashicorp/random\"]",
      "instances": [
        {
          "schema_version": 2,
          "attributes": {
            "id": "sqzkqwmn",
            "keepers": null,
            "length": 8,
            "lower": true,
            "min_lower": 0,
            "min_numeric": 0,
            "min_special": 0,
            "min_upper": 0,
            "number": true,
            "numeric": true,
            "override_special": null,
            "result": "sqzkqwmn",
            "special": false,
            "upper": false
          },
          "sensitive_attributes": []
        }
      ]
    }
  ],
  "check_results": null
}
